
Microsoft Visual Studio Solution File, Format Version 12.00
# Visual Studio 2012
Project("{FAE04EC0-301F-11D3-BF4B-00C04F79EFBC}") = "CarShare.Domain", "CarShare.Domain\CarShare.Domain.csproj", "{53AE7BEB-9DE7-40EC-9D48-E2D37AECADDD}"
EndProject
Project("{FAE04EC0-301F-11D3-BF4B-00C04F79EFBC}") = "CarShare.WebUI", "CarShare.WebUI\CarShare.WebUI.csproj", "{A25FF567-62B1-418F-9B23-DE39F8AE1F1C}"
EndProject
Global
	GlobalSection(SolutionConfigurationPlatforms) = preSolution
		Debug|Any CPU = Debug|Any CPU
		Release|Any CPU = Release|Any CPU
	EndGlobalSection
	GlobalSection(ProjectConfigurationPlatforms) = postSolution
		{53AE7BEB-9DE7-40EC-9D48-E2D37AECADDD}.Debug|Any CPU.ActiveCfg = Debug|Any CPU
		{53AE7BEB-9DE7-40EC-9D48-E2D37AECADDD}.Debug|Any CPU.Build.0 = Debug|Any CPU
		{53AE7BEB-9DE7-40EC-9D48-E2D37AECADDD}.Release|Any CPU.ActiveCfg = Release|Any CPU
		{53AE7BEB-9DE7-40EC-9D48-E2D37AECADDD}.Release|Any CPU.Build.0 = Release|Any CPU
		{A25FF567-62B1-418F-9B23-DE39F8AE1F1C}.Debug|Any CPU.ActiveCfg = Debug|Any CPU
		{A25FF567-62B1-418F-9B23-DE39F8AE1F1C}.Debug|Any CPU.Build.0 = Debug|Any CPU
		{A25FF567-62B1-418F-9B23-DE39F8AE1F1C}.Release|Any CPU.ActiveCfg = Release|Any CPU
		{A25FF567-62B1-418F-9B23-DE39F8AE1F1C}.Release|Any CPU.Build.0 = Release|Any CPU
	EndGlobalSection
	GlobalSection(SolutionProperties) = preSolution
		HideSolutionNode = FALSE
	EndGlobalSection
EndGlobal
